
Microsoft Visual Studio Solution File, Format Version 12.00
# Visual Studio Version 17
VisualStudioVersion = 17.0.31903.59
MinimumVisualStudioVersion = 10.0.40219.1
Project("{FAE04EC0-301F-11D3-BF4B-00C04F79EFBC}") = "CadastroGastos.Api", "CadastroGastos.Api\CadastroGastos.Api.csproj", "{BB466D8D-6101-4DEB-8BE9-3EF7179D4CF4}"
EndProject
Project("{FAE04EC0-301F-11D3-BF4B-00C04F79EFBC}") = "CadastroGastos.Domain", "CadastroGastos.Domain\CadastroGastos.Domain.csproj", "{CD6BA653-8C65-4939-BA8F-3717BF9D49C1}"
EndProject
Project("{FAE04EC0-301F-11D3-BF4B-00C04F79EFBC}") = "CadastroGastos.Service", "CadastroGastos.Service\CadastroGastos.Service.csproj", "{3B040361-9395-4ADA-83D1-5B06A560C485}"
EndProject
Project("{FAE04EC0-301F-11D3-BF4B-00C04F79EFBC}") = "CadastroGastos.Infrastructure", "CadastroGastos.Infrastructure\CadastroGastos.Infrastructure.csproj", "{E4D721BF-7850-4FD6-86FD-F02D5FE98643}"
EndProject
Project("{FAE04EC0-301F-11D3-BF4B-00C04F79EFBC}") = "CadastroGastos.Tests", "CadastroGastos.Tests\CadastroGastos.Tests.csproj", "{E5CEE5F8-FF65-4CC2-BBE4-EB53A68C3B7C}"
EndProject
Project("{FAE04EC0-301F-11D3-BF4B-00C04F79EFBC}") = "CadastroGastos.IntegrationTests", "CadastroGastos.IntegrationTests\CadastroGastos.IntegrationTests.csproj", "{40505EF9-93CA-4235-8024-3BE442024623}"
EndProject
Global
	GlobalSection(SolutionConfigurationPlatforms) = preSolution
		Debug|Any CPU = Debug|Any CPU
		Release|Any CPU = Release|Any CPU
	EndGlobalSection
	GlobalSection(SolutionProperties) = preSolution
		HideSolutionNode = FALSE
	EndGlobalSection
	GlobalSection(ProjectConfigurationPlatforms) = postSolution
		{BB466D8D-6101-4DEB-8BE9-3EF7179D4CF4}.Debug|Any CPU.ActiveCfg = Debug|Any CPU
		{BB466D8D-6101-4DEB-8BE9-3EF7179D4CF4}.Debug|Any CPU.Build.0 = Debug|Any CPU
		{BB466D8D-6101-4DEB-8BE9-3EF7179D4CF4}.Release|Any CPU.ActiveCfg = Release|Any CPU
		{BB466D8D-6101-4DEB-8BE9-3EF7179D4CF4}.Release|Any CPU.Build.0 = Release|Any CPU
		{CD6BA653-8C65-4939-BA8F-3717BF9D49C1}.Debug|Any CPU.ActiveCfg = Debug|Any CPU
		{CD6BA653-8C65-4939-BA8F-3717BF9D49C1}.Debug|Any CPU.Build.0 = Debug|Any CPU
		{CD6BA653-8C65-4939-BA8F-3717BF9D49C1}.Release|Any CPU.ActiveCfg = Release|Any CPU
		{CD6BA653-8C65-4939-BA8F-3717BF9D49C1}.Release|Any CPU.Build.0 = Release|Any CPU
		{3B040361-9395-4ADA-83D1-5B06A560C485}.Debug|Any CPU.ActiveCfg = Debug|Any CPU
		{3B040361-9395-4ADA-83D1-5B06A560C485}.Debug|Any CPU.Build.0 = Debug|Any CPU
		{3B040361-9395-4ADA-83D1-5B06A560C485}.Release|Any CPU.ActiveCfg = Release|Any CPU
		{3B040361-9395-4ADA-83D1-5B06A560C485}.Release|Any CPU.Build.0 = Release|Any CPU
		{E4D721BF-7850-4FD6-86FD-F02D5FE98643}.Debug|Any CPU.ActiveCfg = Debug|Any CPU
		{E4D721BF-7850-4FD6-86FD-F02D5FE98643}.Debug|Any CPU.Build.0 = Debug|Any CPU
		{E4D721BF-7850-4FD6-86FD-F02D5FE98643}.Release|Any CPU.ActiveCfg = Release|Any CPU
		{E4D721BF-7850-4FD6-86FD-F02D5FE98643}.Release|Any CPU.Build.0 = Release|Any CPU
		{E5CEE5F8-FF65-4CC2-BBE4-EB53A68C3B7C}.Debug|Any CPU.ActiveCfg = Debug|Any CPU
		{E5CEE5F8-FF65-4CC2-BBE4-EB53A68C3B7C}.Debug|Any CPU.Build.0 = Debug|Any CPU
		{E5CEE5F8-FF65-4CC2-BBE4-EB53A68C3B7C}.Release|Any CPU.ActiveCfg = Release|Any CPU
		{E5CEE5F8-FF65-4CC2-BBE4-EB53A68C3B7C}.Release|Any CPU.Build.0 = Release|Any CPU
		{40505EF9-93CA-4235-8024-3BE442024623}.Debug|Any CPU.ActiveCfg = Debug|Any CPU
		{40505EF9-93CA-4235-8024-3BE442024623}.Debug|Any CPU.Build.0 = Debug|Any CPU
		{40505EF9-93CA-4235-8024-3BE442024623}.Release|Any CPU.ActiveCfg = Release|Any CPU
		{40505EF9-93CA-4235-8024-3BE442024623}.Release|Any CPU.Build.0 = Release|Any CPU
	EndGlobalSection
EndGlobal
